// !$*UTF8*$!
{
	archiveVersion = 1;
	classes = {
	};
	objectVersion = 50;
	objects = {

/* Begin PBXBuildFile section */
		BA59BFAB25B218BC004CF79A /* AppDelegate.swift in Sources */ = {isa = PBXBuildFile; fileRef = BA59BFAA25B218BC004CF79A /* AppDelegate.swift */; };
		BA59BFAD25B218BD004CF79A /* SceneDelegate.swift in Sources */ = {isa = PBXBuildFile; fileRef = BA59BFAC25B218BD004CF79A /* SceneDelegate.swift */; };
		BA59BFAF25B218BD004CF79A /* ViewController.swift in Sources */ = {isa = PBXBuildFile; fileRef = BA59BFAE25B218BD004CF79A /* ViewController.swift */; };
		BA59BFB225B218BD004CF79A /* Main.storyboard in Resources */ = {isa = PBXBuildFile; fileRef = BA59BFB025B218BD004CF79A /* Main.storyboard */; };
		BA59BFB425B218C2004CF79A /* Assets.xcassets in Resources */ = {isa = PBXBuildFile; fileRef = BA59BFB325B218C2004CF79A /* Assets.xcassets */; };
		BA59BFB725B218C2004CF79A /* LaunchScreen.storyboard in Resources */ = {isa = PBXBuildFile; fileRef = BA59BFB525B218C2004CF79A /* LaunchScreen.storyboard */; };
		BA59BFC225B218C2004CF79A /* Tip_CalculatorTests.swift in Sources */ = {isa = PBXBuildFile; fileRef = BA59BFC125B218C2004CF79A /* Tip_CalculatorTests.swift */; };
		BA59BFCD25B218C2004CF79A /* Tip_CalculatorUITests.swift in Sources */ = {isa = PBXBuildFile; fileRef = BA59BFCC25B218C2004CF79A /* Tip_CalculatorUITests.swift */; };
/* End PBXBuildFile section */

/* Begin PBXContainerItemProxy section */
		BA59BFBE25B218C2004CF79A /* PBXContainerItemProxy */ = {
			isa = PBXContainerItemProxy;
			containerPortal = BA59BF9F25B218BC004CF79A /* Project object */;
			proxyType = 1;
			remoteGlobalIDString = BA59BFA625B218BC004CF79A;
			remoteInfo = "Tip Calculator";
		};
		BA59BFC925B218C2004CF79A /* PBXContainerItemProxy */ = {
			isa = PBXContainerItemProxy;
			containerPortal = BA59BF9F25B218BC004CF79A /* Project object */;
			proxyType = 1;
			remoteGlobalIDString = BA59BFA625B218BC004CF79A;
			remoteInfo = "Tip Calculator";
		};
/* End PBXContainerItemProxy section */

/* Begin PBXFileReference section */
		BA59BFA725B218BC004CF79A /* Tip Calculator.app */ = {isa = PBXFileReference; explicitFileType = wrapper.application; includeInIndex = 0; path = "Tip Calculator.app"; sourceTree = BUILT_PRODUCTS_DIR; };
		BA59BFAA25B218BC004CF79A /* AppDelegate.swift */ = {isa = PBXFileReference; lastKnownFileType = sourcecode.swift; path = AppDelegate.swift; sourceTree = "<group>"; };
		BA59BFAC25B218BD004CF79A /* SceneDelegate.swift */ = {isa = PBXFileReference; lastKnownFileType = sourcecode.swift; path = SceneDelegate.swift; sourceTree = "<group>"; };
		BA59BFAE25B218BD004CF79A /* ViewController.swift */ = {isa = PBXFileReference; lastKnownFileType = sourcecode.swift; path = ViewController.swift; sourceTree = "<group>"; };
		BA59BFB125B218BD004CF79A /* Base */ = {isa = PBXFileReference; lastKnownFileType = file.storyboard; name = Base; path = Base.lproj/Main.storyboard; sourceTree = "<group>"; };
		BA59BFB325B218C2004CF79A /* Assets.xcassets */ = {isa = PBXFileReference; lastKnownFileType = folder.assetcatalog; path = Assets.xcassets; sourceTree = "<group>"; };
		BA59BFB625B218C2004CF79A /* Base */ = {isa = PBXFileReference; lastKnownFileType = file.storyboard; name = Base; path = Base.lproj/LaunchScreen.storyboard; sourceTree = "<group>"; };
		BA59BFB825B218C2004CF79A /* Info.plist */ = {isa = PBXFileReference; lastKnownFileType = text.plist.xml; path = Info.plist; sourceTree = "<group>"; };
		BA59BFBD25B218C2004CF79A /* Tip CalculatorTests.xctest */ = {isa = PBXFileReference; explicitFileType = wrapper.cfbundle; includeInIndex = 0; path = "Tip CalculatorTests.xctest"; sourceTree = BUILT_PRODUCTS_DIR; };
		BA59BFC125B218C2004CF79A /* Tip_CalculatorTests.swift */ = {isa = PBXFileReference; lastKnownFileType = sourcecode.swift; path = Tip_CalculatorTests.swift; sourceTree = "<group>"; };
		BA59BFC325B218C2004CF79A /* Info.plist */ = {isa = PBXFileReference; lastKnownFileType = text.plist.xml; path = Info.plist; sourceTree = "<group>"; };
		BA59BFC825B218C2004CF79A /* Tip CalculatorUITests.xctest */ = {isa = PBXFileReference; explicitFileType = wrapper.cfbundle; includeInIndex = 0; path = "Tip CalculatorUITests.xctest"; sourceTree = BUILT_PRODUCTS_DIR; };
		BA59BFCC25B218C2004CF79A /* Tip_CalculatorUITests.swift */ = {isa = PBXFileReference; lastKnownFileType = sourcecode.swift; path = Tip_CalculatorUITests.swift; sourceTree = "<group>"; };
		BA59BFCE25B218C2004CF79A /* Info.plist */ = {isa = PBXFileReference; lastKnownFileType = text.plist.xml; path = Info.plist; sourceTree = "<group>"; };
/* End PBXFileReference section */

/* Begin PBXFrameworksBuildPhase section */
		BA59BFA425B218BC004CF79A /* Frameworks */ = {
			isa = PBXFrameworksBuildPhase;
			buildActionMask = 2147483647;
			files = (
			);
			runOnlyForDeploymentPostprocessing = 0;
		};
		BA59BFBA25B218C2004CF79A /* Frameworks */ = {
			isa = PBXFrameworksBuildPhase;
			buildActionMask = 2147483647;
			files = (
			);
			runOnlyForDeploymentPostprocessing = 0;
		};
		BA59BFC525B218C2004CF79A /* Frameworks */ = {
			isa = PBXFrameworksBuildPhase;
			buildActionMask = 2147483647;
			files = (
			);
			runOnlyForDeploymentPostprocessing = 0;
		};
/* End PBXFrameworksBuildPhase section */

/* Begin PBXGroup section */
		BA59BF9E25B218BC004CF79A = {
			isa = PBXGroup;
			children = (
				BA59BFA925B218BC004CF79A /* Tip Calculator */,
				BA59BFC025B218C2004CF79A /* Tip CalculatorTests */,
				BA59BFCB25B218C2004CF79A /* Tip CalculatorUITests */,
				BA59BFA825B218BC004CF79A /* Products */,
			);
			sourceTree = "<group>";
		};
		BA59BFA825B218BC004CF79A /* Products */ = {
			isa = PBXGroup;
			children = (
				BA59BFA725B218BC004CF79A /* Tip Calculator.app */,
				BA59BFBD25B218C2004CF79A /* Tip CalculatorTests.xctest */,
				BA59BFC825B218C2004CF79A /* Tip CalculatorUITests.xctest */,
			);
			name = Products;
			sourceTree = "<group>";
		};
		BA59BFA925B218BC004CF79A /* Tip Calculator */ = {
			isa = PBXGroup;
			children = (
				BA59BFAA25B218BC004CF79A /* AppDelegate.swift */,
				BA59BFAC25B218BD004CF79A /* SceneDelegate.swift */,
				BA59BFAE25B218BD004CF79A /* ViewController.swift */,
				BA59BFB025B218BD004CF79A /* Main.storyboard */,
				BA59BFB325B218C2004CF79A /* Assets.xcassets */,
				BA59BFB525B218C2004CF79A /* LaunchScreen.storyboard */,
				BA59BFB825B218C2004CF79A /* Info.plist */,
			);
			path = "Tip Calculator";
			sourceTree = "<group>";
		};
		BA59BFC025B218C2004CF79A /* Tip CalculatorTests */ = {
			isa = PBXGroup;
			children = (
				BA59BFC125B218C2004CF79A /* Tip_CalculatorTests.swift */,
				BA59BFC325B218C2004CF79A /* Info.plist */,
			);
			path = "Tip CalculatorTests";
			sourceTree = "<group>";
		};
		BA59BFCB25B218C2004CF79A /* Tip CalculatorUITests */ = {
			isa = PBXGroup;
			children = (
				BA59BFCC25B218C2004CF79A /* Tip_CalculatorUITests.swift */,
				BA59BFCE25B218C2004CF79A /* Info.plist */,
			);
			path = "Tip CalculatorUITests";
			sourceTree = "<group>";
		};
/* End PBXGroup section */

/* Begin PBXNativeTarget section */
		BA59BFA625B218BC004CF79A /* Tip Calculator */ = {
			isa = PBXNativeTarget;
			buildConfigurationList = BA59BFD125B218C2004CF79A /* Build configuration list for PBXNativeTarget "Tip Calculator" */;
			buildPhases = (
				BA59BFA325B218BC004CF79A /* Sources */,
				BA59BFA425B218BC004CF79A /* Frameworks */,
				BA59BFA525B218BC004CF79A /* Resources */,
			);
			buildRules = (
			);
			dependencies = (
			);
			name = "Tip Calculator";
			productName = "Tip Calculator";
			productReference = BA59BFA725B218BC004CF79A /* Tip Calculator.app */;
			productType = "com.apple.product-type.application";
		};
		BA59BFBC25B218C2004CF79A /* Tip CalculatorTests */ = {
			isa = PBXNativeTarget;
			buildConfigurationList = BA59BFD425B218C2004CF79A /* Build configuration list for PBXNativeTarget "Tip CalculatorTests" */;
			buildPhases = (
				BA59BFB925B218C2004CF79A /* Sources */,
				BA59BFBA25B218C2004CF79A /* Frameworks */,
				BA59BFBB25B218C2004CF79A /* Resources */,
			);
			buildRules = (
			);
			dependencies = (
				BA59BFBF25B218C2004CF79A /* PBXTargetDependency */,
			);
			name = "Tip CalculatorTests";
			productName = "Tip CalculatorTests";
			productReference = BA59BFBD25B218C2004CF79A /* Tip CalculatorTests.xctest */;
			productType = "com.apple.product-type.bundle.unit-test";
		};
		BA59BFC725B218C2004CF79A /* Tip CalculatorUITests */ = {
			isa = PBXNativeTarget;
			buildConfigurationList = BA59BFD725B218C2004CF79A /* Build configuration list for PBXNativeTarget "Tip CalculatorUITests" */;
			buildPhases = (
				BA59BFC425B218C2004CF79A /* Sources */,
				BA59BFC525B218C2004CF79A /* Frameworks */,
				BA59BFC625B218C2004CF79A /* Resources */,
			);
			buildRules = (
			);
			dependencies = (
				BA59BFCA25B218C2004CF79A /* PBXTargetDependency */,
			);
			name = "Tip CalculatorUITests";
			productName = "Tip CalculatorUITests";
			productReference = BA59BFC825B218C2004CF79A /* Tip CalculatorUITests.xctest */;
			productType = "com.apple.product-type.bundle.ui-testing";
		};
/* End PBXNativeTarget section */

/* Begin PBXProject section */
		BA59BF9F25B218BC004CF79A /* Project object */ = {
			isa = PBXProject;
			attributes = {
				LastSwiftUpdateCheck = 1230;
				LastUpgradeCheck = 1230;
				TargetAttributes = {
					BA59BFA625B218BC004CF79A = {
						CreatedOnToolsVersion = 12.3;
					};
					BA59BFBC25B218C2004CF79A = {
						CreatedOnToolsVersion = 12.3;
						TestTargetID = BA59BFA625B218BC004CF79A;
					};
					BA59BFC725B218C2004CF79A = {
						CreatedOnToolsVersion = 12.3;
						TestTargetID = BA59BFA625B218BC004CF79A;
					};
				};
			};
			buildConfigurationList = BA59BFA225B218BC004CF79A /* Build configuration list for PBXProject "Tip Calculator" */;
			compatibilityVersion = "Xcode 9.3";
			developmentRegion = en;
			hasScannedForEncodings = 0;
			knownRegions = (
				en,
				Base,
			);
			mainGroup = BA59BF9E25B218BC004CF79A;
			productRefGroup = BA59BFA825B218BC004CF79A /* Products */;
			projectDirPath = "";
			projectRoot = "";
			targets = (
				BA59BFA625B218BC004CF79A /* Tip Calculator */,
				BA59BFBC25B218C2004CF79A /* Tip CalculatorTests */,
				BA59BFC725B218C2004CF79A /* Tip CalculatorUITests */,
			);
		};
/* End PBXProject section */

/* Begin PBXResourcesBuildPhase section */
		BA59BFA525B218BC004CF79A /* Resources */ = {
			isa = PBXResourcesBuildPhase;
			buildActionMask = 2147483647;
			files = (
				BA59BFB725B218C2004CF79A /* LaunchScreen.storyboard in Resources */,
				BA59BFB425B218C2004CF79A /* Assets.xcassets in Resources */,
				BA59BFB225B218BD004CF79A /* Main.storyboard in Resources */,
			);
			runOnlyForDeploymentPostprocessing = 0;
		};
		BA59BFBB25B218C2004CF79A /* Resources */ = {
			isa = PBXResourcesBuildPhase;
			buildActionMask = 2147483647;
			files = (
			);
			runOnlyForDeploymentPostprocessing = 0;
		};
		BA59BFC625B218C2004CF79A /* Resources */ = {
			isa = PBXResourcesBuildPhase;
			buildActionMask = 2147483647;
			files = (
			);
			runOnlyForDeploymentPostprocessing = 0;
		};
/* End PBXResourcesBuildPhase section */

/* Begin PBXSourcesBuildPhase section */
		BA59BFA325B218BC004CF79A /* Sources */ = {
			isa = PBXSourcesBuildPhase;
			buildActionMask = 2147483647;
			files = (
				BA59BFAF25B218BD004CF79A /* ViewController.swift in Sources */,
				BA59BFAB25B218BC004CF79A /* AppDelegate.swift in Sources */,
				BA59BFAD25B218BD004CF79A /* SceneDelegate.swift in Sources */,
			);
			runOnlyForDeploymentPostprocessing = 0;
		};
		BA59BFB925B218C2004CF79A /* Sources */ = {
			isa = PBXSourcesBuildPhase;
			buildActionMask = 2147483647;
			files = (
				BA59BFC225B218C2004CF79A /* Tip_CalculatorTests.swift in Sources */,
			);
			runOnlyForDeploymentPostprocessing = 0;
		};
		BA59BFC425B218C2004CF79A /* Sources */ = {
			isa = PBXSourcesBuildPhase;
			buildActionMask = 2147483647;
			files = (
				BA59BFCD25B218C2004CF79A /* Tip_CalculatorUITests.swift in Sources */,
			);
			runOnlyForDeploymentPostprocessing = 0;
		};
/* End PBXSourcesBuildPhase section */

/* Begin PBXTargetDependency section */
		BA59BFBF25B218C2004CF79A /* PBXTargetDependency */ = {
			isa = PBXTargetDependency;
			target = BA59BFA625B218BC004CF79A /* Tip Calculator */;
			targetProxy = BA59BFBE25B218C2004CF79A /* PBXContainerItemProxy */;
		};
		BA59BFCA25B218C2004CF79A /* PBXTargetDependency */ = {
			isa = PBXTargetDependency;
			target = BA59BFA625B218BC004CF79A /* Tip Calculator */;
			targetProxy = BA59BFC925B218C2004CF79A /* PBXContainerItemProxy */;
		};
/* End PBXTargetDependency section */

/* Begin PBXVariantGroup section */
		BA59BFB025B218BD004CF79A /* Main.storyboard */ = {
			isa = PBXVariantGroup;
			children = (
				BA59BFB125B218BD004CF79A /* Base */,
			);
			name = Main.storyboard;
			sourceTree = "<group>";
		};
		BA59BFB525B218C2004CF79A /* LaunchScreen.storyboard */ = {
			isa = PBXVariantGroup;
			children = (
				BA59BFB625B218C2004CF79A /* Base */,
			);
			name = LaunchScreen.storyboard;
			sourceTree = "<group>";
		};
/* End PBXVariantGroup section */

/* Begin XCBuildConfiguration section */
		BA59BFCF25B218C2004CF79A /* Debug */ = {
			isa = XCBuildConfiguration;
			buildSettings = {
				ALWAYS_SEARCH_USER_PATHS = NO;
				CLANG_ANALYZER_NONNULL = YES;
				CLANG_ANALYZER_NUMBER_OBJECT_CONVERSION = YES_AGGRESSIVE;
				CLANG_CXX_LANGUAGE_STANDARD = "gnu++14";
				CLANG_CXX_LIBRARY = "libc++";
				CLANG_ENABLE_MODULES = YES;
				CLANG_ENABLE_OBJC_ARC = YES;
				CLANG_ENABLE_OBJC_WEAK = YES;
				CLANG_WARN_BLOCK_CAPTURE_AUTORELEASING = YES;
				CLANG_WARN_BOOL_CONVERSION = YES;
				CLANG_WARN_COMMA = YES;
				CLANG_WARN_CONSTANT_CONVERSION = YES;
				CLANG_WARN_DEPRECATED_OBJC_IMPLEMENTATIONS = YES;
				CLANG_WARN_DIRECT_OBJC_ISA_USAGE = YES_ERROR;
				CLANG_WARN_DOCUMENTATION_COMMENTS = YES;
				CLANG_WARN_EMPTY_BODY = YES;
				CLANG_WARN_ENUM_CONVERSION = YES;
				CLANG_WARN_INFINITE_RECURSION = YES;
				CLANG_WARN_INT_CONVERSION = YES;
				CLANG_WARN_NON_LITERAL_NULL_CONVERSION = YES;
				CLANG_WARN_OBJC_IMPLICIT_RETAIN_SELF = YES;
				CLANG_WARN_OBJC_LITERAL_CONVERSION = YES;
				CLANG_WARN_OBJC_ROOT_CLASS = YES_ERROR;
				CLANG_WARN_QUOTED_INCLUDE_IN_FRAMEWORK_HEADER = YES;
				CLANG_WARN_RANGE_LOOP_ANALYSIS = YES;
				CLANG_WARN_STRICT_PROTOTYPES = YES;
				CLANG_WARN_SUSPICIOUS_MOVE = YES;
				CLANG_WARN_UNGUARDED_AVAILABILITY = YES_AGGRESSIVE;
				CLANG_WARN_UNREACHABLE_CODE = YES;
				CLANG_WARN__DUPLICATE_METHOD_MATCH = YES;
				COPY_PHASE_STRIP = NO;
				DEBUG_INFORMATION_FORMAT = dwarf;
				ENABLE_STRICT_OBJC_MSGSEND = YES;
				ENABLE_TESTABILITY = YES;
				GCC_C_LANGUAGE_STANDARD = gnu11;
				GCC_DYNAMIC_NO_PIC = NO;
				GCC_NO_COMMON_BLOCKS = YES;
				GCC_OPTIMIZATION_LEVEL = 0;
				GCC_PREPROCESSOR_DEFINITIONS = (
					"DEBUG=1",
					"$(inherited)",
				);
				GCC_WARN_64_TO_32_BIT_CONVERSION = YES;
				GCC_WARN_ABOUT_RETURN_TYPE = YES_ERROR;
				GCC_WARN_UNDECLARED_SELECTOR = YES;
				GCC_WARN_UNINITIALIZED_AUTOS = YES_AGGRESSIVE;
				GCC_WARN_UNUSED_FUNCTION = YES;
				GCC_WARN_UNUSED_VARIABLE = YES;
				IPHONEOS_DEPLOYMENT_TARGET = 14.3;
				MTL_ENABLE_DEBUG_INFO = INCLUDE_SOURCE;
				MTL_FAST_MATH = YES;
				ONLY_ACTIVE_ARCH = YES;
				SDKROOT = iphoneos;
				SWIFT_ACTIVE_COMPILATION_CONDITIONS = DEBUG;
				SWIFT_OPTIMIZATION_LEVEL = "-Onone";
			};
			name = Debug;
		};
		BA59BFD025B218C2004CF79A /* Release */ = {
			isa = XCBuildConfiguration;
			buildSettings = {
				ALWAYS_SEARCH_USER_PATHS = NO;
				CLANG_ANALYZER_NONNULL = YES;
				CLANG_ANALYZER_NUMBER_OBJECT_CONVERSION = YES_AGGRESSIVE;
				CLANG_CXX_LANGUAGE_STANDARD = "gnu++14";
				CLANG_CXX_LIBRARY = "libc++";
				CLANG_ENABLE_MODULES = YES;
				CLANG_ENABLE_OBJC_ARC = YES;
				CLANG_ENABLE_OBJC_WEAK = YES;
				CLANG_WARN_BLOCK_CAPTURE_AUTORELEASING = YES;
				CLANG_WARN_BOOL_CONVERSION = YES;
				CLANG_WARN_COMMA = YES;
				CLANG_WARN_CONSTANT_CONVERSION = YES;
				CLANG_WARN_DEPRECATED_OBJC_IMPLEMENTATIONS = YES;
				CLANG_WARN_DIRECT_OBJC_ISA_USAGE = YES_ERROR;
				CLANG_WARN_DOCUMENTATION_COMMENTS = YES;
				CLANG_WARN_EMPTY_BODY = YES;
				CLANG_WARN_ENUM_CONVERSION = YES;
				CLANG_WARN_INFINITE_RECURSION = YES;
				CLANG_WARN_INT_CONVERSION = YES;
				CLANG_WARN_NON_LITERAL_NULL_CONVERSION = YES;
				CLANG_WARN_OBJC_IMPLICIT_RETAIN_SELF = YES;
				CLANG_WARN_OBJC_LITERAL_CONVERSION = YES;
				CLANG_WARN_OBJC_ROOT_CLASS = YES_ERROR;
				CLANG_WARN_QUOTED_INCLUDE_IN_FRAMEWORK_HEADER = YES;
				CLANG_WARN_RANGE_LOOP_ANALYSIS = YES;
				CLANG_WARN_STRICT_PROTOTYPES = YES;
				CLANG_WARN_SUSPICIOUS_MOVE = YES;
				CLANG_WARN_UNGUARDED_AVAILABILITY = YES_AGGRESSIVE;
				CLANG_WARN_UNREACHABLE_CODE = YES;
				CLANG_WARN__DUPLICATE_METHOD_MATCH = YES;
				COPY_PHASE_STRIP = NO;
				DEBUG_INFORMATION_FORMAT = "dwarf-with-dsym";
				ENABLE_NS_ASSERTIONS = NO;
				ENABLE_STRICT_OBJC_MSGSEND = YES;
				GCC_C_LANGUAGE_STANDARD = gnu11;
				GCC_NO_COMMON_BLOCKS = YES;
				GCC_WARN_64_TO_32_BIT_CONVERSION = YES;
				GCC_WARN_ABOUT_RETURN_TYPE = YES_ERROR;
				GCC_WARN_UNDECLARED_SELECTOR = YES;
				GCC_WARN_UNINITIALIZED_AUTOS = YES_AGGRESSIVE;
				GCC_WARN_UNUSED_FUNCTION = YES;
				GCC_WARN_UNUSED_VARIABLE = YES;
				IPHONEOS_DEPLOYMENT_TARGET = 14.3;
				MTL_ENABLE_DEBUG_INFO = NO;
				MTL_FAST_MATH = YES;
				SDKROOT = iphoneos;
				SWIFT_COMPILATION_MODE = wholemodule;
				SWIFT_OPTIMIZATION_LEVEL = "-O";
				VALIDATE_PRODUCT = YES;
			};
			name = Release;
		};
		BA59BFD225B218C2004CF79A /* Debug */ = {
			isa = XCBuildConfiguration;
			buildSettings = {
				ASSETCATALOG_COMPILER_APPICON_NAME = AppIcon;
				ASSETCATALOG_COMPILER_GLOBAL_ACCENT_COLOR_NAME = AccentColor;
				CODE_SIGN_STYLE = Automatic;
				INFOPLIST_FILE = "Tip Calculator/Info.plist";
				LD_RUNPATH_SEARCH_PATHS = (
					"$(inherited)",
					"@executable_path/Frameworks",
				);
				PRODUCT_BUNDLE_IDENTIFIER = "memo.com.Tip-Calculator";
				PRODUCT_NAME = "$(TARGET_NAME)";
				SWIFT_VERSION = 5.0;
				TARGETED_DEVICE_FAMILY = "1,2";
			};
			name = Debug;
		};
		BA59BFD325B218C2004CF79A /* Release */ = {
			isa = XCBuildConfiguration;
			buildSettings = {
				ASSETCATALOG_COMPILER_APPICON_NAME = AppIcon;
				ASSETCATALOG_COMPILER_GLOBAL_ACCENT_COLOR_NAME = AccentColor;
				CODE_SIGN_STYLE = Automatic;
				INFOPLIST_FILE = "Tip Calculator/Info.plist";
				LD_RUNPATH_SEARCH_PATHS = (
					"$(inherited)",
					"@executable_path/Frameworks",
				);
				PRODUCT_BUNDLE_IDENTIFIER = "memo.com.Tip-Calculator";
				PRODUCT_NAME = "$(TARGET_NAME)";
				SWIFT_VERSION = 5.0;
				TARGETED_DEVICE_FAMILY = "1,2";
			};
			name = Release;
		};
		BA59BFD525B218C2004CF79A /* Debug */ = {
			isa = XCBuildConfiguration;
			buildSettings = {
				ALWAYS_EMBED_SWIFT_STANDARD_LIBRARIES = YES;
				BUNDLE_LOADER = "$(TEST_HOST)";
				CODE_SIGN_STYLE = Automatic;
				INFOPLIST_FILE = "Tip CalculatorTests/Info.plist";
				IPHONEOS_DEPLOYMENT_TARGET = 14.3;
				LD_RUNPATH_SEARCH_PATHS = (
					"$(inherited)",
					"@executable_path/Frameworks",
					"@loader_path/Frameworks",
				);
				PRODUCT_BUNDLE_IDENTIFIER = "memo.com.Tip-CalculatorTests";
				PRODUCT_NAME = "$(TARGET_NAME)";
				SWIFT_VERSION = 5.0;
				TARGETED_DEVICE_FAMILY = "1,2";
				TEST_HOST = "$(BUILT_PRODUCTS_DIR)/Tip Calculator.app/Tip Calculator";
			};
			name = Debug;
		};
		BA59BFD625B218C2004CF79A /* Release */ = {
			isa = XCBuildConfiguration;
			buildSettings = {
				ALWAYS_EMBED_SWIFT_STANDARD_LIBRARIES = YES;
				BUNDLE_LOADER = "$(TEST_HOST)";
				CODE_SIGN_STYLE = Automatic;
				INFOPLIST_FILE = "Tip CalculatorTests/Info.plist";
				IPHONEOS_DEPLOYMENT_TARGET = 14.3;
				LD_RUNPATH_SEARCH_PATHS = (
					"$(inherited)",
					"@executable_path/Frameworks",
					"@loader_path/Frameworks",
				);
				PRODUCT_BUNDLE_IDENTIFIER = "memo.com.Tip-CalculatorTests";
				PRODUCT_NAME = "$(TARGET_NAME)";
				SWIFT_VERSION = 5.0;
				TARGETED_DEVICE_FAMILY = "1,2";
				TEST_HOST = "$(BUILT_PRODUCTS_DIR)/Tip Calculator.app/Tip Calculator";
			};
			name = Release;
		};
		BA59BFD825B218C2004CF79A /* Debug */ = {
			isa = XCBuildConfiguration;
			buildSettings = {
				ALWAYS_EMBED_SWIFT_STANDARD_LIBRARIES = YES;
				CODE_SIGN_STYLE = Automatic;
				INFOPLIST_FILE = "Tip CalculatorUITests/Info.plist";
				LD_RUNPATH_SEARCH_PATHS = (
					"$(inherited)",
					"@executable_path/Frameworks",
					"@loader_path/Frameworks",
				);
				PRODUCT_BUNDLE_IDENTIFIER = "memo.com.Tip-CalculatorUITests";
				PRODUCT_NAME = "$(TARGET_NAME)";
				SWIFT_VERSION = 5.0;
				TARGETED_DEVICE_FAMILY = "1,2";
				TEST_TARGET_NAME = "Tip Calculator";
			};
			name = Debug;
		};
		BA59BFD925B218C2004CF79A /* Release */ = {
			isa = XCBuildConfiguration;
			buildSettings = {
				ALWAYS_EMBED_SWIFT_STANDARD_LIBRARIES = YES;
				CODE_SIGN_STYLE = Automatic;
				INFOPLIST_FILE = "Tip CalculatorUITests/Info.plist";
				LD_RUNPATH_SEARCH_PATHS = (
					"$(inherited)",
					"@executable_path/Frameworks",
					"@loader_path/Frameworks",
				);
				PRODUCT_BUNDLE_IDENTIFIER = "memo.com.Tip-CalculatorUITests";
				PRODUCT_NAME = "$(TARGET_NAME)";
				SWIFT_VERSION = 5.0;
				TARGETED_DEVICE_FAMILY = "1,2";
				TEST_TARGET_NAME = "Tip Calculator";
			};
			name = Release;
		};
/* End XCBuildConfiguration section */

/* Begin XCConfigurationList section */
		BA59BFA225B218BC004CF79A /* Build configuration list for PBXProject "Tip Calculator" */ = {
			isa = XCConfigurationList;
			buildConfigurations = (
				BA59BFCF25B218C2004CF79A /* Debug */,
				BA59BFD025B218C2004CF79A /* Release */,
			);
			defaultConfigurationIsVisible = 0;
			defaultConfigurationName = Release;
		};
		BA59BFD125B218C2004CF79A /* Build configuration list for PBXNativeTarget "Tip Calculator" */ = {
			isa = XCConfigurationList;
			buildConfigurations = (
				BA59BFD225B218C2004CF79A /* Debug */,
				BA59BFD325B218C2004CF79A /* Release */,
			);
			defaultConfigurationIsVisible = 0;
			defaultConfigurationName = Release;
		};
		BA59BFD425B218C2004CF79A /* Build configuration list for PBXNativeTarget "Tip CalculatorTests" */ = {
			isa = XCConfigurationList;
			buildConfigurations = (
				BA59BFD525B218C2004CF79A /* Debug */,
				BA59BFD625B218C2004CF79A /* Release */,
			);
			defaultConfigurationIsVisible = 0;
			defaultConfigurationName = Release;
		};
		BA59BFD725B218C2004CF79A /* Build configuration list for PBXNativeTarget "Tip CalculatorUITests" */ = {
			isa = XCConfigurationList;
			buildConfigurations = (
				BA59BFD825B218C2004CF79A /* Debug */,
				BA59BFD925B218C2004CF79A /* Release */,
			);
			defaultConfigurationIsVisible = 0;
			defaultConfigurationName = Release;
		};
/* End XCConfigurationList section */
	};
	rootObject = BA59BF9F25B218BC004CF79A /* Project object */;
}
